
Microsoft Visual Studio Solution File, Format Version 12.00
# Visual Studio Version 17
VisualStudioVersion = 17.6.33815.320
MinimumVisualStudioVersion = 10.0.40219.1
Project("{FAE04EC0-301F-11D3-BF4B-00C04F79EFBC}") = "Aula29ExercicioPropostosParte2", "Aula29ExercicioPropostosParte2\Aula29ExercicioPropostosParte2.csproj", "{11C6972A-688C-4D5D-9F31-D5F6CA091310}"
EndProject
Global
	GlobalSection(SolutionConfigurationPlatforms) = preSolution
		Debug|Any CPU = Debug|Any CPU
		Release|Any CPU = Release|Any CPU
	EndGlobalSection
	GlobalSection(ProjectConfigurationPlatforms) = postSolution
		{11C6972A-688C-4D5D-9F31-D5F6CA091310}.Debug|Any CPU.ActiveCfg = Debug|Any CPU
		{11C6972A-688C-4D5D-9F31-D5F6CA091310}.Debug|Any CPU.Build.0 = Debug|Any CPU
		{11C6972A-688C-4D5D-9F31-D5F6CA091310}.Release|Any CPU.ActiveCfg = Release|Any CPU
		{11C6972A-688C-4D5D-9F31-D5F6CA091310}.Release|Any CPU.Build.0 = Release|Any CPU
	EndGlobalSection
	GlobalSection(SolutionProperties) = preSolution
		HideSolutionNode = FALSE
	EndGlobalSection
	GlobalSection(ExtensibilityGlobals) = postSolution
		SolutionGuid = {208DC581-AECB-4EA8-81D9-3CA7B00C631B}
	EndGlobalSection
EndGlobal
