
Microsoft Visual Studio Solution File, Format Version 12.00
# Visual Studio Version 17
VisualStudioVersion = 17.6.33815.320
MinimumVisualStudioVersion = 10.0.40219.1
Project("{FAE04EC0-301F-11D3-BF4B-00C04F79EFBC}") = "Aula38ResolvendoUmProblemaSemOrientaçãoAObjetos", "Aula38ResolvendoUmProblemaSemOrientaçãoAObjetos\Aula38ResolvendoUmProblemaSemOrientaçãoAObjetos.csproj", "{D68FE28D-4FB8-4D3D-BCBE-477158A1CC31}"
EndProject
Global
	GlobalSection(SolutionConfigurationPlatforms) = preSolution
		Debug|Any CPU = Debug|Any CPU
		Release|Any CPU = Release|Any CPU
	EndGlobalSection
	GlobalSection(ProjectConfigurationPlatforms) = postSolution
		{D68FE28D-4FB8-4D3D-BCBE-477158A1CC31}.Debug|Any CPU.ActiveCfg = Debug|Any CPU
		{D68FE28D-4FB8-4D3D-BCBE-477158A1CC31}.Debug|Any CPU.Build.0 = Debug|Any CPU
		{D68FE28D-4FB8-4D3D-BCBE-477158A1CC31}.Release|Any CPU.ActiveCfg = Release|Any CPU
		{D68FE28D-4FB8-4D3D-BCBE-477158A1CC31}.Release|Any CPU.Build.0 = Release|Any CPU
	EndGlobalSection
	GlobalSection(SolutionProperties) = preSolution
		HideSolutionNode = FALSE
	EndGlobalSection
	GlobalSection(ExtensibilityGlobals) = postSolution
		SolutionGuid = {C0CA0AC2-B93D-4747-8C03-91D2152B5E38}
	EndGlobalSection
EndGlobal
