
Microsoft Visual Studio Solution File, Format Version 12.00
# Visual Studio Version 17
VisualStudioVersion = 17.6.33815.320
MinimumVisualStudioVersion = 10.0.40219.1
Project("{FAE04EC0-301F-11D3-BF4B-00C04F79EFBC}") = "aula27Estruturacondicional(if-else)", "aula27Estruturacondicional(if-else)\aula27Estruturacondicional(if-else).csproj", "{9B4672EE-5748-4C4E-8A6B-63EDF9D31ED8}"
EndProject
Global
	GlobalSection(SolutionConfigurationPlatforms) = preSolution
		Debug|Any CPU = Debug|Any CPU
		Release|Any CPU = Release|Any CPU
	EndGlobalSection
	GlobalSection(ProjectConfigurationPlatforms) = postSolution
		{9B4672EE-5748-4C4E-8A6B-63EDF9D31ED8}.Debug|Any CPU.ActiveCfg = Debug|Any CPU
		{9B4672EE-5748-4C4E-8A6B-63EDF9D31ED8}.Debug|Any CPU.Build.0 = Debug|Any CPU
		{9B4672EE-5748-4C4E-8A6B-63EDF9D31ED8}.Release|Any CPU.ActiveCfg = Release|Any CPU
		{9B4672EE-5748-4C4E-8A6B-63EDF9D31ED8}.Release|Any CPU.Build.0 = Release|Any CPU
	EndGlobalSection
	GlobalSection(SolutionProperties) = preSolution
		HideSolutionNode = FALSE
	EndGlobalSection
	GlobalSection(ExtensibilityGlobals) = postSolution
		SolutionGuid = {30733784-0861-4D8D-95F3-2E2586650AF1}
	EndGlobalSection
EndGlobal
