
Microsoft Visual Studio Solution File, Format Version 12.00
# Visual Studio Version 17
VisualStudioVersion = 17.6.33815.320
MinimumVisualStudioVersion = 10.0.40219.1
Project("{FAE04EC0-301F-11D3-BF4B-00C04F79EFBC}") = "aula60Exerecicio", "aula60Exerecicio\aula60Exerecicio.csproj", "{BE875286-6C68-46C7-AF4A-083DC83BE999}"
EndProject
Global
	GlobalSection(SolutionConfigurationPlatforms) = preSolution
		Debug|Any CPU = Debug|Any CPU
		Release|Any CPU = Release|Any CPU
	EndGlobalSection
	GlobalSection(ProjectConfigurationPlatforms) = postSolution
		{BE875286-6C68-46C7-AF4A-083DC83BE999}.Debug|Any CPU.ActiveCfg = Debug|Any CPU
		{BE875286-6C68-46C7-AF4A-083DC83BE999}.Debug|Any CPU.Build.0 = Debug|Any CPU
		{BE875286-6C68-46C7-AF4A-083DC83BE999}.Release|Any CPU.ActiveCfg = Release|Any CPU
		{BE875286-6C68-46C7-AF4A-083DC83BE999}.Release|Any CPU.Build.0 = Release|Any CPU
	EndGlobalSection
	GlobalSection(SolutionProperties) = preSolution
		HideSolutionNode = FALSE
	EndGlobalSection
	GlobalSection(ExtensibilityGlobals) = postSolution
		SolutionGuid = {D541937B-2DF1-4247-BC09-B6BDDC89E9C0}
	EndGlobalSection
EndGlobal
